
Microsoft Visual Studio Solution File, Format Version 12.00
# Visual Studio 15
VisualStudioVersion = 15.0.28010.2026
MinimumVisualStudioVersion = 10.0.40219.1
Project("{8BC9CEB8-8B4A-11D0-8D11-00A0C91BC942}") = "Task1", "Task1\Task1.vcxproj", "{0441E397-7E87-45B1-A47F-344D3138459F}"
EndProject
Project("{8BC9CEB8-8B4A-11D0-8D11-00A0C91BC942}") = "Task2", "Task2\Task2.vcxproj", "{30D68900-98AD-4A10-8C53-475B09A4DFEE}"
EndProject
Project("{8BC9CEB8-8B4A-11D0-8D11-00A0C91BC942}") = "Task3", "Task3\Task3.vcxproj", "{A5A94C93-03A3-4133-9E62-76CF7CB99919}"
EndProject
Project("{8BC9CEB8-8B4A-11D0-8D11-00A0C91BC942}") = "Task4", "Task4\Task4.vcxproj", "{A02C8775-6B9D-4EC1-AE30-2AFD7F75E165}"
EndProject
Global
	GlobalSection(SolutionConfigurationPlatforms) = preSolution
		Debug|x64 = Debug|x64
		Debug|x86 = Debug|x86
		Release|x64 = Release|x64
		Release|x86 = Release|x86
	EndGlobalSection
	GlobalSection(ProjectConfigurationPlatforms) = postSolution
		{0441E397-7E87-45B1-A47F-344D3138459F}.Debug|x64.ActiveCfg = Debug|x64
		{0441E397-7E87-45B1-A47F-344D3138459F}.Debug|x64.Build.0 = Debug|x64
		{0441E397-7E87-45B1-A47F-344D3138459F}.Debug|x86.ActiveCfg = Debug|Win32
		{0441E397-7E87-45B1-A47F-344D3138459F}.Debug|x86.Build.0 = Debug|Win32
		{0441E397-7E87-45B1-A47F-344D3138459F}.Release|x64.ActiveCfg = Release|x64
		{0441E397-7E87-45B1-A47F-344D3138459F}.Release|x64.Build.0 = Release|x64
		{0441E397-7E87-45B1-A47F-344D3138459F}.Release|x86.ActiveCfg = Release|Win32
		{0441E397-7E87-45B1-A47F-344D3138459F}.Release|x86.Build.0 = Release|Win32
		{30D68900-98AD-4A10-8C53-475B09A4DFEE}.Debug|x64.ActiveCfg = Debug|x64
		{30D68900-98AD-4A10-8C53-475B09A4DFEE}.Debug|x64.Build.0 = Debug|x64
		{30D68900-98AD-4A10-8C53-475B09A4DFEE}.Debug|x86.ActiveCfg = Debug|Win32
		{30D68900-98AD-4A10-8C53-475B09A4DFEE}.Debug|x86.Build.0 = Debug|Win32
		{30D68900-98AD-4A10-8C53-475B09A4DFEE}.Release|x64.ActiveCfg = Release|x64
		{30D68900-98AD-4A10-8C53-475B09A4DFEE}.Release|x64.Build.0 = Release|x64
		{30D68900-98AD-4A10-8C53-475B09A4DFEE}.Release|x86.ActiveCfg = Release|Win32
		{30D68900-98AD-4A10-8C53-475B09A4DFEE}.Release|x86.Build.0 = Release|Win32
		{A5A94C93-03A3-4133-9E62-76CF7CB99919}.Debug|x64.ActiveCfg = Debug|x64
		{A5A94C93-03A3-4133-9E62-76CF7CB99919}.Debug|x64.Build.0 = Debug|x64
		{A5A94C93-03A3-4133-9E62-76CF7CB99919}.Debug|x86.ActiveCfg = Debug|Win32
		{A5A94C93-03A3-4133-9E62-76CF7CB99919}.Debug|x86.Build.0 = Debug|Win32
		{A5A94C93-03A3-4133-9E62-76CF7CB99919}.Release|x64.ActiveCfg = Release|x64
		{A5A94C93-03A3-4133-9E62-76CF7CB99919}.Release|x64.Build.0 = Release|x64
		{A5A94C93-03A3-4133-9E62-76CF7CB99919}.Release|x86.ActiveCfg = Release|Win32
		{A5A94C93-03A3-4133-9E62-76CF7CB99919}.Release|x86.Build.0 = Release|Win32
		{A02C8775-6B9D-4EC1-AE30-2AFD7F75E165}.Debug|x64.ActiveCfg = Debug|x64
		{A02C8775-6B9D-4EC1-AE30-2AFD7F75E165}.Debug|x64.Build.0 = Debug|x64
		{A02C8775-6B9D-4EC1-AE30-2AFD7F75E165}.Debug|x86.ActiveCfg = Debug|Win32
		{A02C8775-6B9D-4EC1-AE30-2AFD7F75E165}.Debug|x86.Build.0 = Debug|Win32
		{A02C8775-6B9D-4EC1-AE30-2AFD7F75E165}.Release|x64.ActiveCfg = Release|x64
		{A02C8775-6B9D-4EC1-AE30-2AFD7F75E165}.Release|x64.Build.0 = Release|x64
		{A02C8775-6B9D-4EC1-AE30-2AFD7F75E165}.Release|x86.ActiveCfg = Release|Win32
		{A02C8775-6B9D-4EC1-AE30-2AFD7F75E165}.Release|x86.Build.0 = Release|Win32
	EndGlobalSection
	GlobalSection(SolutionProperties) = preSolution
		HideSolutionNode = FALSE
	EndGlobalSection
	GlobalSection(ExtensibilityGlobals) = postSolution
		SolutionGuid = {4C6C609E-7E0A-42B9-833C-FA2479417B60}
	EndGlobalSection
EndGlobal
